
Microsoft Visual Studio Solution File, Format Version 12.00
# Visual Studio Version 17
VisualStudioVersion = 17.4.33213.308
MinimumVisualStudioVersion = 10.0.40219.1
Project("{9A19103F-16F7-4668-BE54-9A1E7A4F7556}") = "Lesson3", "Lesson3\Lesson3.csproj", "{61B089E1-EF48-4A7F-B92C-87559C626279}"
EndProject
Project("{2150E333-8FDC-42A3-9474-1A3956D46DE8}") = "CSharp1_GiangNLH", "CSharp1_GiangNLH", "{150DF01A-70C1-4288-B749-4B90E001382B}"
EndProject
Project("{9A19103F-16F7-4668-BE54-9A1E7A4F7556}") = "Lesson4", "Lesson4\Lesson4.csproj", "{12A20F97-5916-4E98-8634-E48E274FA710}"
EndProject
Project("{9A19103F-16F7-4668-BE54-9A1E7A4F7556}") = "Lesson5", "Lesson5\Lesson5.csproj", "{71F10C03-6223-4349-99DA-4F05905A0147}"
EndProject
Project("{9A19103F-16F7-4668-BE54-9A1E7A4F7556}") = "Lesson6", "Lesson6\Lesson6.csproj", "{98CCC435-98E3-45BB-9A4F-CCC4DFAB2824}"
EndProject
Project("{9A19103F-16F7-4668-BE54-9A1E7A4F7556}") = "Lesson7", "Lesson7\Lesson7.csproj", "{F4049BAC-F65F-407B-83DD-A4D6F81EDA98}"
EndProject
Project("{9A19103F-16F7-4668-BE54-9A1E7A4F7556}") = "Lesson8", "Lesson8\Lesson8.csproj", "{B3D6075D-492D-4CAA-85DA-D19432310165}"
EndProject
Project("{9A19103F-16F7-4668-BE54-9A1E7A4F7556}") = "Lesson9", "Lesson9\Lesson9.csproj", "{0305A4E8-D0A3-434B-B334-AE05D42281FC}"
EndProject
Project("{9A19103F-16F7-4668-BE54-9A1E7A4F7556}") = "Lesson10", "Lesson10\Lesson10.csproj", "{FBC685D3-A17F-46B5-85AA-CB9D674DA30A}"
EndProject
Project("{9A19103F-16F7-4668-BE54-9A1E7A4F7556}") = "Lesson11", "Lesson11\Lesson11.csproj", "{C51E7DAA-8744-425D-87CA-662B3D9EBF0D}"
EndProject
Project("{2150E333-8FDC-42A3-9474-1A3956D46DE8}") = "TEST", "TEST", "{7E07FD6D-DB18-40C0-A1A7-08D9CF109B5B}"
EndProject
Project("{9A19103F-16F7-4668-BE54-9A1E7A4F7556}") = "Test1", "Test01\Test1.csproj", "{45370E05-7ADC-4DFB-8B67-968D6092E5BD}"
EndProject
Project("{9A19103F-16F7-4668-BE54-9A1E7A4F7556}") = "Test2", "Test2\Test2.csproj", "{33B6ACEE-C664-4B39-8BAF-97D2152602EE}"
EndProject
Project("{9A19103F-16F7-4668-BE54-9A1E7A4F7556}") = "Test3", "Test3\Test3.csproj", "{A5692BED-3441-418F-82D3-274B16A890EE}"
EndProject
Project("{9A19103F-16F7-4668-BE54-9A1E7A4F7556}") = "Test4", "Test4\Test4.csproj", "{5313F4DB-78FC-4ACE-B9FC-2EB333C89C1C}"
EndProject
Project("{9A19103F-16F7-4668-BE54-9A1E7A4F7556}") = "Test5", "Test5\Test5.csproj", "{A0924631-68FC-4DC8-ADAE-1EB56BA8AC13}"
EndProject
Project("{9A19103F-16F7-4668-BE54-9A1E7A4F7556}") = "Lab1", "Lab1\Lab1.csproj", "{55FDAA3A-55D0-4AB2-8C01-984B9E3FEF61}"
EndProject
Project("{9A19103F-16F7-4668-BE54-9A1E7A4F7556}") = "Lab2", "Lab2\Lab2.csproj", "{E1C6E3D0-E1BA-4140-BD63-9B540764A5AA}"
EndProject
Project("{9A19103F-16F7-4668-BE54-9A1E7A4F7556}") = "Lab345678", "Lab345678\Lab345678.csproj", "{136750A6-FF78-4BD1-892D-C6ADB275B02B}"
EndProject
Project("{9A19103F-16F7-4668-BE54-9A1E7A4F7556}") = "Assignment", "Assignment\Assignment.csproj", "{BE30E83F-0DFA-4937-99BD-9943D4561008}"
EndProject
Global
	GlobalSection(SolutionConfigurationPlatforms) = preSolution
		Debug|Any CPU = Debug|Any CPU
		Release|Any CPU = Release|Any CPU
	EndGlobalSection
	GlobalSection(ProjectConfigurationPlatforms) = postSolution
		{61B089E1-EF48-4A7F-B92C-87559C626279}.Debug|Any CPU.ActiveCfg = Debug|Any CPU
		{61B089E1-EF48-4A7F-B92C-87559C626279}.Debug|Any CPU.Build.0 = Debug|Any CPU
		{61B089E1-EF48-4A7F-B92C-87559C626279}.Release|Any CPU.ActiveCfg = Release|Any CPU
		{61B089E1-EF48-4A7F-B92C-87559C626279}.Release|Any CPU.Build.0 = Release|Any CPU
		{12A20F97-5916-4E98-8634-E48E274FA710}.Debug|Any CPU.ActiveCfg = Debug|Any CPU
		{12A20F97-5916-4E98-8634-E48E274FA710}.Debug|Any CPU.Build.0 = Debug|Any CPU
		{12A20F97-5916-4E98-8634-E48E274FA710}.Release|Any CPU.ActiveCfg = Release|Any CPU
		{12A20F97-5916-4E98-8634-E48E274FA710}.Release|Any CPU.Build.0 = Release|Any CPU
		{71F10C03-6223-4349-99DA-4F05905A0147}.Debug|Any CPU.ActiveCfg = Debug|Any CPU
		{71F10C03-6223-4349-99DA-4F05905A0147}.Debug|Any CPU.Build.0 = Debug|Any CPU
		{71F10C03-6223-4349-99DA-4F05905A0147}.Release|Any CPU.ActiveCfg = Release|Any CPU
		{71F10C03-6223-4349-99DA-4F05905A0147}.Release|Any CPU.Build.0 = Release|Any CPU
		{98CCC435-98E3-45BB-9A4F-CCC4DFAB2824}.Debug|Any CPU.ActiveCfg = Debug|Any CPU
		{98CCC435-98E3-45BB-9A4F-CCC4DFAB2824}.Debug|Any CPU.Build.0 = Debug|Any CPU
		{98CCC435-98E3-45BB-9A4F-CCC4DFAB2824}.Release|Any CPU.ActiveCfg = Release|Any CPU
		{98CCC435-98E3-45BB-9A4F-CCC4DFAB2824}.Release|Any CPU.Build.0 = Release|Any CPU
		{F4049BAC-F65F-407B-83DD-A4D6F81EDA98}.Debug|Any CPU.ActiveCfg = Debug|Any CPU
		{F4049BAC-F65F-407B-83DD-A4D6F81EDA98}.Debug|Any CPU.Build.0 = Debug|Any CPU
		{F4049BAC-F65F-407B-83DD-A4D6F81EDA98}.Release|Any CPU.ActiveCfg = Release|Any CPU
		{F4049BAC-F65F-407B-83DD-A4D6F81EDA98}.Release|Any CPU.Build.0 = Release|Any CPU
		{B3D6075D-492D-4CAA-85DA-D19432310165}.Debug|Any CPU.ActiveCfg = Debug|Any CPU
		{B3D6075D-492D-4CAA-85DA-D19432310165}.Debug|Any CPU.Build.0 = Debug|Any CPU
		{B3D6075D-492D-4CAA-85DA-D19432310165}.Release|Any CPU.ActiveCfg = Release|Any CPU
		{B3D6075D-492D-4CAA-85DA-D19432310165}.Release|Any CPU.Build.0 = Release|Any CPU
		{0305A4E8-D0A3-434B-B334-AE05D42281FC}.Debug|Any CPU.ActiveCfg = Debug|Any CPU
		{0305A4E8-D0A3-434B-B334-AE05D42281FC}.Debug|Any CPU.Build.0 = Debug|Any CPU
		{0305A4E8-D0A3-434B-B334-AE05D42281FC}.Release|Any CPU.ActiveCfg = Release|Any CPU
		{0305A4E8-D0A3-434B-B334-AE05D42281FC}.Release|Any CPU.Build.0 = Release|Any CPU
		{FBC685D3-A17F-46B5-85AA-CB9D674DA30A}.Debug|Any CPU.ActiveCfg = Debug|Any CPU
		{FBC685D3-A17F-46B5-85AA-CB9D674DA30A}.Debug|Any CPU.Build.0 = Debug|Any CPU
		{FBC685D3-A17F-46B5-85AA-CB9D674DA30A}.Release|Any CPU.ActiveCfg = Release|Any CPU
		{FBC685D3-A17F-46B5-85AA-CB9D674DA30A}.Release|Any CPU.Build.0 = Release|Any CPU
		{C51E7DAA-8744-425D-87CA-662B3D9EBF0D}.Debug|Any CPU.ActiveCfg = Debug|Any CPU
		{C51E7DAA-8744-425D-87CA-662B3D9EBF0D}.Debug|Any CPU.Build.0 = Debug|Any CPU
		{C51E7DAA-8744-425D-87CA-662B3D9EBF0D}.Release|Any CPU.ActiveCfg = Release|Any CPU
		{C51E7DAA-8744-425D-87CA-662B3D9EBF0D}.Release|Any CPU.Build.0 = Release|Any CPU
		{45370E05-7ADC-4DFB-8B67-968D6092E5BD}.Debug|Any CPU.ActiveCfg = Debug|Any CPU
		{45370E05-7ADC-4DFB-8B67-968D6092E5BD}.Debug|Any CPU.Build.0 = Debug|Any CPU
		{45370E05-7ADC-4DFB-8B67-968D6092E5BD}.Release|Any CPU.ActiveCfg = Release|Any CPU
		{45370E05-7ADC-4DFB-8B67-968D6092E5BD}.Release|Any CPU.Build.0 = Release|Any CPU
		{33B6ACEE-C664-4B39-8BAF-97D2152602EE}.Debug|Any CPU.ActiveCfg = Debug|Any CPU
		{33B6ACEE-C664-4B39-8BAF-97D2152602EE}.Debug|Any CPU.Build.0 = Debug|Any CPU
		{33B6ACEE-C664-4B39-8BAF-97D2152602EE}.Release|Any CPU.ActiveCfg = Release|Any CPU
		{33B6ACEE-C664-4B39-8BAF-97D2152602EE}.Release|Any CPU.Build.0 = Release|Any CPU
		{A5692BED-3441-418F-82D3-274B16A890EE}.Debug|Any CPU.ActiveCfg = Debug|Any CPU
		{A5692BED-3441-418F-82D3-274B16A890EE}.Debug|Any CPU.Build.0 = Debug|Any CPU
		{A5692BED-3441-418F-82D3-274B16A890EE}.Release|Any CPU.ActiveCfg = Release|Any CPU
		{A5692BED-3441-418F-82D3-274B16A890EE}.Release|Any CPU.Build.0 = Release|Any CPU
		{5313F4DB-78FC-4ACE-B9FC-2EB333C89C1C}.Debug|Any CPU.ActiveCfg = Debug|Any CPU
		{5313F4DB-78FC-4ACE-B9FC-2EB333C89C1C}.Debug|Any CPU.Build.0 = Debug|Any CPU
		{5313F4DB-78FC-4ACE-B9FC-2EB333C89C1C}.Release|Any CPU.ActiveCfg = Release|Any CPU
		{5313F4DB-78FC-4ACE-B9FC-2EB333C89C1C}.Release|Any CPU.Build.0 = Release|Any CPU
		{A0924631-68FC-4DC8-ADAE-1EB56BA8AC13}.Debug|Any CPU.ActiveCfg = Debug|Any CPU
		{A0924631-68FC-4DC8-ADAE-1EB56BA8AC13}.Debug|Any CPU.Build.0 = Debug|Any CPU
		{A0924631-68FC-4DC8-ADAE-1EB56BA8AC13}.Release|Any CPU.ActiveCfg = Release|Any CPU
		{A0924631-68FC-4DC8-ADAE-1EB56BA8AC13}.Release|Any CPU.Build.0 = Release|Any CPU
		{55FDAA3A-55D0-4AB2-8C01-984B9E3FEF61}.Debug|Any CPU.ActiveCfg = Debug|Any CPU
		{55FDAA3A-55D0-4AB2-8C01-984B9E3FEF61}.Debug|Any CPU.Build.0 = Debug|Any CPU
		{55FDAA3A-55D0-4AB2-8C01-984B9E3FEF61}.Release|Any CPU.ActiveCfg = Release|Any CPU
		{55FDAA3A-55D0-4AB2-8C01-984B9E3FEF61}.Release|Any CPU.Build.0 = Release|Any CPU
		{E1C6E3D0-E1BA-4140-BD63-9B540764A5AA}.Debug|Any CPU.ActiveCfg = Debug|Any CPU
		{E1C6E3D0-E1BA-4140-BD63-9B540764A5AA}.Debug|Any CPU.Build.0 = Debug|Any CPU
		{E1C6E3D0-E1BA-4140-BD63-9B540764A5AA}.Release|Any CPU.ActiveCfg = Release|Any CPU
		{E1C6E3D0-E1BA-4140-BD63-9B540764A5AA}.Release|Any CPU.Build.0 = Release|Any CPU
		{136750A6-FF78-4BD1-892D-C6ADB275B02B}.Debug|Any CPU.ActiveCfg = Debug|Any CPU
		{136750A6-FF78-4BD1-892D-C6ADB275B02B}.Debug|Any CPU.Build.0 = Debug|Any CPU
		{136750A6-FF78-4BD1-892D-C6ADB275B02B}.Release|Any CPU.ActiveCfg = Release|Any CPU
		{136750A6-FF78-4BD1-892D-C6ADB275B02B}.Release|Any CPU.Build.0 = Release|Any CPU
		{BE30E83F-0DFA-4937-99BD-9943D4561008}.Debug|Any CPU.ActiveCfg = Debug|Any CPU
		{BE30E83F-0DFA-4937-99BD-9943D4561008}.Debug|Any CPU.Build.0 = Debug|Any CPU
		{BE30E83F-0DFA-4937-99BD-9943D4561008}.Release|Any CPU.ActiveCfg = Release|Any CPU
		{BE30E83F-0DFA-4937-99BD-9943D4561008}.Release|Any CPU.Build.0 = Release|Any CPU
	EndGlobalSection
	GlobalSection(SolutionProperties) = preSolution
		HideSolutionNode = FALSE
	EndGlobalSection
	GlobalSection(NestedProjects) = preSolution
		{61B089E1-EF48-4A7F-B92C-87559C626279} = {150DF01A-70C1-4288-B749-4B90E001382B}
		{12A20F97-5916-4E98-8634-E48E274FA710} = {150DF01A-70C1-4288-B749-4B90E001382B}
		{71F10C03-6223-4349-99DA-4F05905A0147} = {150DF01A-70C1-4288-B749-4B90E001382B}
		{98CCC435-98E3-45BB-9A4F-CCC4DFAB2824} = {150DF01A-70C1-4288-B749-4B90E001382B}
		{F4049BAC-F65F-407B-83DD-A4D6F81EDA98} = {150DF01A-70C1-4288-B749-4B90E001382B}
		{B3D6075D-492D-4CAA-85DA-D19432310165} = {150DF01A-70C1-4288-B749-4B90E001382B}
		{0305A4E8-D0A3-434B-B334-AE05D42281FC} = {150DF01A-70C1-4288-B749-4B90E001382B}
		{FBC685D3-A17F-46B5-85AA-CB9D674DA30A} = {150DF01A-70C1-4288-B749-4B90E001382B}
		{C51E7DAA-8744-425D-87CA-662B3D9EBF0D} = {150DF01A-70C1-4288-B749-4B90E001382B}
		{7E07FD6D-DB18-40C0-A1A7-08D9CF109B5B} = {150DF01A-70C1-4288-B749-4B90E001382B}
		{45370E05-7ADC-4DFB-8B67-968D6092E5BD} = {7E07FD6D-DB18-40C0-A1A7-08D9CF109B5B}
		{33B6ACEE-C664-4B39-8BAF-97D2152602EE} = {7E07FD6D-DB18-40C0-A1A7-08D9CF109B5B}
		{A5692BED-3441-418F-82D3-274B16A890EE} = {7E07FD6D-DB18-40C0-A1A7-08D9CF109B5B}
		{5313F4DB-78FC-4ACE-B9FC-2EB333C89C1C} = {7E07FD6D-DB18-40C0-A1A7-08D9CF109B5B}
		{A0924631-68FC-4DC8-ADAE-1EB56BA8AC13} = {7E07FD6D-DB18-40C0-A1A7-08D9CF109B5B}
		{55FDAA3A-55D0-4AB2-8C01-984B9E3FEF61} = {150DF01A-70C1-4288-B749-4B90E001382B}
		{E1C6E3D0-E1BA-4140-BD63-9B540764A5AA} = {150DF01A-70C1-4288-B749-4B90E001382B}
		{136750A6-FF78-4BD1-892D-C6ADB275B02B} = {150DF01A-70C1-4288-B749-4B90E001382B}
		{BE30E83F-0DFA-4937-99BD-9943D4561008} = {150DF01A-70C1-4288-B749-4B90E001382B}
	EndGlobalSection
	GlobalSection(ExtensibilityGlobals) = postSolution
		SolutionGuid = {3C2A3806-EDBD-4467-8348-5F6A747E75D7}
	EndGlobalSection
EndGlobal
